// !$*UTF8*$!
{
	archiveVersion = 1;
	classes = {
	};
	objectVersion = 50;
	objects = {

/* Begin PBXBuildFile section */
		2EC3F39B221317E50012F7A1 /* AppDelegate.swift in Sources */ = {isa = PBXBuildFile; fileRef = 2EC3F39A221317E50012F7A1 /* AppDelegate.swift */; };
		2EC3F3A0221317E50012F7A1 /* Main.storyboard in Resources */ = {isa = PBXBuildFile; fileRef = 2EC3F39E221317E50012F7A1 /* Main.storyboard */; };
		2EC3F3A2221317E60012F7A1 /* Assets.xcassets in Resources */ = {isa = PBXBuildFile; fileRef = 2EC3F3A1221317E60012F7A1 /* Assets.xcassets */; };
		2EC3F3A5221317E60012F7A1 /* LaunchScreen.storyboard in Resources */ = {isa = PBXBuildFile; fileRef = 2EC3F3A3221317E60012F7A1 /* LaunchScreen.storyboard */; };
		2EC3F3B0221317E60012F7A1 /* ProgrammaticAutoLayoutTests.swift in Sources */ = {isa = PBXBuildFile; fileRef = 2EC3F3AF221317E60012F7A1 /* ProgrammaticAutoLayoutTests.swift */; };
		2EC3F3BB221317E60012F7A1 /* ProgrammaticAutoLayoutUITests.swift in Sources */ = {isa = PBXBuildFile; fileRef = 2EC3F3BA221317E60012F7A1 /* ProgrammaticAutoLayoutUITests.swift */; };
		2EC3F3C9221318720012F7A1 /* ImageViewController.swift in Sources */ = {isa = PBXBuildFile; fileRef = 2EC3F3C8221318720012F7A1 /* ImageViewController.swift */; };
		2EC3F3CB221795D50012F7A1 /* frank.png in Resources */ = {isa = PBXBuildFile; fileRef = 2EC3F3CA221795D40012F7A1 /* frank.png */; };
		2EC3F3CD221799550012F7A1 /* channelorange.png in Resources */ = {isa = PBXBuildFile; fileRef = 2EC3F3CC221799550012F7A1 /* channelorange.png */; };
/* End PBXBuildFile section */

/* Begin PBXContainerItemProxy section */
		2EC3F3AC221317E60012F7A1 /* PBXContainerItemProxy */ = {
			isa = PBXContainerItemProxy;
			containerPortal = 2EC3F38F221317E50012F7A1 /* Project object */;
			proxyType = 1;
			remoteGlobalIDString = 2EC3F396221317E50012F7A1;
			remoteInfo = ProgrammaticAutoLayout;
		};
		2EC3F3B7221317E60012F7A1 /* PBXContainerItemProxy */ = {
			isa = PBXContainerItemProxy;
			containerPortal = 2EC3F38F221317E50012F7A1 /* Project object */;
			proxyType = 1;
			remoteGlobalIDString = 2EC3F396221317E50012F7A1;
			remoteInfo = ProgrammaticAutoLayout;
		};
/* End PBXContainerItemProxy section */

/* Begin PBXFileReference section */
		2EC3F397221317E50012F7A1 /* ProgrammaticAutoLayout.app */ = {isa = PBXFileReference; explicitFileType = wrapper.application; includeInIndex = 0; path = ProgrammaticAutoLayout.app; sourceTree = BUILT_PRODUCTS_DIR; };
		2EC3F39A221317E50012F7A1 /* AppDelegate.swift */ = {isa = PBXFileReference; lastKnownFileType = sourcecode.swift; path = AppDelegate.swift; sourceTree = "<group>"; };
		2EC3F39F221317E50012F7A1 /* Base */ = {isa = PBXFileReference; lastKnownFileType = file.storyboard; name = Base; path = Base.lproj/Main.storyboard; sourceTree = "<group>"; };
		2EC3F3A1221317E60012F7A1 /* Assets.xcassets */ = {isa = PBXFileReference; lastKnownFileType = folder.assetcatalog; path = Assets.xcassets; sourceTree = "<group>"; };
		2EC3F3A4221317E60012F7A1 /* Base */ = {isa = PBXFileReference; lastKnownFileType = file.storyboard; name = Base; path = Base.lproj/LaunchScreen.storyboard; sourceTree = "<group>"; };
		2EC3F3A6221317E60012F7A1 /* Info.plist */ = {isa = PBXFileReference; lastKnownFileType = text.plist.xml; path = Info.plist; sourceTree = "<group>"; };
		2EC3F3AB221317E60012F7A1 /* ProgrammaticAutoLayoutTests.xctest */ = {isa = PBXFileReference; explicitFileType = wrapper.cfbundle; includeInIndex = 0; path = ProgrammaticAutoLayoutTests.xctest; sourceTree = BUILT_PRODUCTS_DIR; };
		2EC3F3AF221317E60012F7A1 /* ProgrammaticAutoLayoutTests.swift */ = {isa = PBXFileReference; lastKnownFileType = sourcecode.swift; path = ProgrammaticAutoLayoutTests.swift; sourceTree = "<group>"; };
		2EC3F3B1221317E60012F7A1 /* Info.plist */ = {isa = PBXFileReference; lastKnownFileType = text.plist.xml; path = Info.plist; sourceTree = "<group>"; };
		2EC3F3B6221317E60012F7A1 /* ProgrammaticAutoLayoutUITests.xctest */ = {isa = PBXFileReference; explicitFileType = wrapper.cfbundle; includeInIndex = 0; path = ProgrammaticAutoLayoutUITests.xctest; sourceTree = BUILT_PRODUCTS_DIR; };
		2EC3F3BA221317E60012F7A1 /* ProgrammaticAutoLayoutUITests.swift */ = {isa = PBXFileReference; lastKnownFileType = sourcecode.swift; path = ProgrammaticAutoLayoutUITests.swift; sourceTree = "<group>"; };
		2EC3F3BC221317E60012F7A1 /* Info.plist */ = {isa = PBXFileReference; lastKnownFileType = text.plist.xml; path = Info.plist; sourceTree = "<group>"; };
		2EC3F3C8221318720012F7A1 /* ImageViewController.swift */ = {isa = PBXFileReference; lastKnownFileType = sourcecode.swift; path = ImageViewController.swift; sourceTree = "<group>"; };
		2EC3F3CA221795D40012F7A1 /* frank.png */ = {isa = PBXFileReference; lastKnownFileType = image.png; name = frank.png; path = ../../../../Downloads/frank.png; sourceTree = "<group>"; };
		2EC3F3CC221799550012F7A1 /* channelorange.png */ = {isa = PBXFileReference; lastKnownFileType = image.png; name = channelorange.png; path = ../../../../Downloads/channelorange.png; sourceTree = "<group>"; };
/* End PBXFileReference section */

/* Begin PBXFrameworksBuildPhase section */
		2EC3F394221317E50012F7A1 /* Frameworks */ = {
			isa = PBXFrameworksBuildPhase;
			buildActionMask = 2147483647;
			files = (
			);
			runOnlyForDeploymentPostprocessing = 0;
		};
		2EC3F3A8221317E60012F7A1 /* Frameworks */ = {
			isa = PBXFrameworksBuildPhase;
			buildActionMask = 2147483647;
			files = (
			);
			runOnlyForDeploymentPostprocessing = 0;
		};
		2EC3F3B3221317E60012F7A1 /* Frameworks */ = {
			isa = PBXFrameworksBuildPhase;
			buildActionMask = 2147483647;
			files = (
			);
			runOnlyForDeploymentPostprocessing = 0;
		};
/* End PBXFrameworksBuildPhase section */

/* Begin PBXGroup section */
		2EC3F38E221317E50012F7A1 = {
			isa = PBXGroup;
			children = (
				2EC3F399221317E50012F7A1 /* ProgrammaticAutoLayout */,
				2EC3F3AE221317E60012F7A1 /* ProgrammaticAutoLayoutTests */,
				2EC3F3B9221317E60012F7A1 /* ProgrammaticAutoLayoutUITests */,
				2EC3F398221317E50012F7A1 /* Products */,
			);
			sourceTree = "<group>";
		};
		2EC3F398221317E50012F7A1 /* Products */ = {
			isa = PBXGroup;
			children = (
				2EC3F397221317E50012F7A1 /* ProgrammaticAutoLayout.app */,
				2EC3F3AB221317E60012F7A1 /* ProgrammaticAutoLayoutTests.xctest */,
				2EC3F3B6221317E60012F7A1 /* ProgrammaticAutoLayoutUITests.xctest */,
			);
			name = Products;
			sourceTree = "<group>";
		};
		2EC3F399221317E50012F7A1 /* ProgrammaticAutoLayout */ = {
			isa = PBXGroup;
			children = (
				2EC3F3CA221795D40012F7A1 /* frank.png */,
				2EC3F3CC221799550012F7A1 /* channelorange.png */,
				2EC3F3C8221318720012F7A1 /* ImageViewController.swift */,
				2EC3F39E221317E50012F7A1 /* Main.storyboard */,
				2EC3F3A1221317E60012F7A1 /* Assets.xcassets */,
				2EC3F39A221317E50012F7A1 /* AppDelegate.swift */,
				2EC3F3A3221317E60012F7A1 /* LaunchScreen.storyboard */,
				2EC3F3A6221317E60012F7A1 /* Info.plist */,
			);
			path = ProgrammaticAutoLayout;
			sourceTree = "<group>";
		};
		2EC3F3AE221317E60012F7A1 /* ProgrammaticAutoLayoutTests */ = {
			isa = PBXGroup;
			children = (
				2EC3F3AF221317E60012F7A1 /* ProgrammaticAutoLayoutTests.swift */,
				2EC3F3B1221317E60012F7A1 /* Info.plist */,
			);
			path = ProgrammaticAutoLayoutTests;
			sourceTree = "<group>";
		};
		2EC3F3B9221317E60012F7A1 /* ProgrammaticAutoLayoutUITests */ = {
			isa = PBXGroup;
			children = (
				2EC3F3BA221317E60012F7A1 /* ProgrammaticAutoLayoutUITests.swift */,
				2EC3F3BC221317E60012F7A1 /* Info.plist */,
			);
			path = ProgrammaticAutoLayoutUITests;
			sourceTree = "<group>";
		};
/* End PBXGroup section */

/* Begin PBXNativeTarget section */
		2EC3F396221317E50012F7A1 /* ProgrammaticAutoLayout */ = {
			isa = PBXNativeTarget;
			buildConfigurationList = 2EC3F3BF221317E60012F7A1 /* Build configuration list for PBXNativeTarget "ProgrammaticAutoLayout" */;
			buildPhases = (
				2EC3F393221317E50012F7A1 /* Sources */,
				2EC3F394221317E50012F7A1 /* Frameworks */,
				2EC3F395221317E50012F7A1 /* Resources */,
			);
			buildRules = (
			);
			dependencies = (
			);
			name = ProgrammaticAutoLayout;
			productName = ProgrammaticAutoLayout;
			productReference = 2EC3F397221317E50012F7A1 /* ProgrammaticAutoLayout.app */;
			productType = "com.apple.product-type.application";
		};
		2EC3F3AA221317E60012F7A1 /* ProgrammaticAutoLayoutTests */ = {
			isa = PBXNativeTarget;
			buildConfigurationList = 2EC3F3C2221317E60012F7A1 /* Build configuration list for PBXNativeTarget "ProgrammaticAutoLayoutTests" */;
			buildPhases = (
				2EC3F3A7221317E60012F7A1 /* Sources */,
				2EC3F3A8221317E60012F7A1 /* Frameworks */,
				2EC3F3A9221317E60012F7A1 /* Resources */,
			);
			buildRules = (
			);
			dependencies = (
				2EC3F3AD221317E60012F7A1 /* PBXTargetDependency */,
			);
			name = ProgrammaticAutoLayoutTests;
			productName = ProgrammaticAutoLayoutTests;
			productReference = 2EC3F3AB221317E60012F7A1 /* ProgrammaticAutoLayoutTests.xctest */;
			productType = "com.apple.product-type.bundle.unit-test";
		};
		2EC3F3B5221317E60012F7A1 /* ProgrammaticAutoLayoutUITests */ = {
			isa = PBXNativeTarget;
			buildConfigurationList = 2EC3F3C5221317E60012F7A1 /* Build configuration list for PBXNativeTarget "ProgrammaticAutoLayoutUITests" */;
			buildPhases = (
				2EC3F3B2221317E60012F7A1 /* Sources */,
				2EC3F3B3221317E60012F7A1 /* Frameworks */,
				2EC3F3B4221317E60012F7A1 /* Resources */,
			);
			buildRules = (
			);
			dependencies = (
				2EC3F3B8221317E60012F7A1 /* PBXTargetDependency */,
			);
			name = ProgrammaticAutoLayoutUITests;
			productName = ProgrammaticAutoLayoutUITests;
			productReference = 2EC3F3B6221317E60012F7A1 /* ProgrammaticAutoLayoutUITests.xctest */;
			productType = "com.apple.product-type.bundle.ui-testing";
		};
/* End PBXNativeTarget section */

/* Begin PBXProject section */
		2EC3F38F221317E50012F7A1 /* Project object */ = {
			isa = PBXProject;
			attributes = {
				LastSwiftUpdateCheck = 1010;
				LastUpgradeCheck = 1010;
				ORGANIZATIONNAME = "Zachary Pierucci";
				TargetAttributes = {
					2EC3F396221317E50012F7A1 = {
						CreatedOnToolsVersion = 10.1;
					};
					2EC3F3AA221317E60012F7A1 = {
						CreatedOnToolsVersion = 10.1;
						TestTargetID = 2EC3F396221317E50012F7A1;
					};
					2EC3F3B5221317E60012F7A1 = {
						CreatedOnToolsVersion = 10.1;
						TestTargetID = 2EC3F396221317E50012F7A1;
					};
				};
			};
			buildConfigurationList = 2EC3F392221317E50012F7A1 /* Build configuration list for PBXProject "ProgrammaticAutoLayout" */;
			compatibilityVersion = "Xcode 9.3";
			developmentRegion = en;
			hasScannedForEncodings = 0;
			knownRegions = (
				en,
				Base,
			);
			mainGroup = 2EC3F38E221317E50012F7A1;
			productRefGroup = 2EC3F398221317E50012F7A1 /* Products */;
			projectDirPath = "";
			projectRoot = "";
			targets = (
				2EC3F396221317E50012F7A1 /* ProgrammaticAutoLayout */,
				2EC3F3AA221317E60012F7A1 /* ProgrammaticAutoLayoutTests */,
				2EC3F3B5221317E60012F7A1 /* ProgrammaticAutoLayoutUITests */,
			);
		};
/* End PBXProject section */

/* Begin PBXResourcesBuildPhase section */
		2EC3F395221317E50012F7A1 /* Resources */ = {
			isa = PBXResourcesBuildPhase;
			buildActionMask = 2147483647;
			files = (
				2EC3F3A5221317E60012F7A1 /* LaunchScreen.storyboard in Resources */,
				2EC3F3A2221317E60012F7A1 /* Assets.xcassets in Resources */,
				2EC3F3CB221795D50012F7A1 /* frank.png in Resources */,
				2EC3F3CD221799550012F7A1 /* channelorange.png in Resources */,
				2EC3F3A0221317E50012F7A1 /* Main.storyboard in Resources */,
			);
			runOnlyForDeploymentPostprocessing = 0;
		};
		2EC3F3A9221317E60012F7A1 /* Resources */ = {
			isa = PBXResourcesBuildPhase;
			buildActionMask = 2147483647;
			files = (
			);
			runOnlyForDeploymentPostprocessing = 0;
		};
		2EC3F3B4221317E60012F7A1 /* Resources */ = {
			isa = PBXResourcesBuildPhase;
			buildActionMask = 2147483647;
			files = (
			);
			runOnlyForDeploymentPostprocessing = 0;
		};
/* End PBXResourcesBuildPhase section */

/* Begin PBXSourcesBuildPhase section */
		2EC3F393221317E50012F7A1 /* Sources */ = {
			isa = PBXSourcesBuildPhase;
			buildActionMask = 2147483647;
			files = (
				2EC3F3C9221318720012F7A1 /* ImageViewController.swift in Sources */,
				2EC3F39B221317E50012F7A1 /* AppDelegate.swift in Sources */,
			);
			runOnlyForDeploymentPostprocessing = 0;
		};
		2EC3F3A7221317E60012F7A1 /* Sources */ = {
			isa = PBXSourcesBuildPhase;
			buildActionMask = 2147483647;
			files = (
				2EC3F3B0221317E60012F7A1 /* ProgrammaticAutoLayoutTests.swift in Sources */,
			);
			runOnlyForDeploymentPostprocessing = 0;
		};
		2EC3F3B2221317E60012F7A1 /* Sources */ = {
			isa = PBXSourcesBuildPhase;
			buildActionMask = 2147483647;
			files = (
				2EC3F3BB221317E60012F7A1 /* ProgrammaticAutoLayoutUITests.swift in Sources */,
			);
			runOnlyForDeploymentPostprocessing = 0;
		};
/* End PBXSourcesBuildPhase section */

/* Begin PBXTargetDependency section */
		2EC3F3AD221317E60012F7A1 /* PBXTargetDependency */ = {
			isa = PBXTargetDependency;
			target = 2EC3F396221317E50012F7A1 /* ProgrammaticAutoLayout */;
			targetProxy = 2EC3F3AC221317E60012F7A1 /* PBXContainerItemProxy */;
		};
		2EC3F3B8221317E60012F7A1 /* PBXTargetDependency */ = {
			isa = PBXTargetDependency;
			target = 2EC3F396221317E50012F7A1 /* ProgrammaticAutoLayout */;
			targetProxy = 2EC3F3B7221317E60012F7A1 /* PBXContainerItemProxy */;
		};
/* End PBXTargetDependency section */

/* Begin PBXVariantGroup section */
		2EC3F39E221317E50012F7A1 /* Main.storyboard */ = {
			isa = PBXVariantGroup;
			children = (
				2EC3F39F221317E50012F7A1 /* Base */,
			);
			name = Main.storyboard;
			sourceTree = "<group>";
		};
		2EC3F3A3221317E60012F7A1 /* LaunchScreen.storyboard */ = {
			isa = PBXVariantGroup;
			children = (
				2EC3F3A4221317E60012F7A1 /* Base */,
			);
			name = LaunchScreen.storyboard;
			sourceTree = "<group>";
		};
/* End PBXVariantGroup section */

/* Begin XCBuildConfiguration section */
		2EC3F3BD221317E60012F7A1 /* Debug */ = {
			isa = XCBuildConfiguration;
			buildSettings = {
				ALWAYS_SEARCH_USER_PATHS = NO;
				CLANG_ANALYZER_NONNULL = YES;
				CLANG_ANALYZER_NUMBER_OBJECT_CONVERSION = YES_AGGRESSIVE;
				CLANG_CXX_LANGUAGE_STANDARD = "gnu++14";
				CLANG_CXX_LIBRARY = "libc++";
				CLANG_ENABLE_MODULES = YES;
				CLANG_ENABLE_OBJC_ARC = YES;
				CLANG_ENABLE_OBJC_WEAK = YES;
				CLANG_WARN_BLOCK_CAPTURE_AUTORELEASING = YES;
				CLANG_WARN_BOOL_CONVERSION = YES;
				CLANG_WARN_COMMA = YES;
				CLANG_WARN_CONSTANT_CONVERSION = YES;
				CLANG_WARN_DEPRECATED_OBJC_IMPLEMENTATIONS = YES;
				CLANG_WARN_DIRECT_OBJC_ISA_USAGE = YES_ERROR;
				CLANG_WARN_DOCUMENTATION_COMMENTS = YES;
				CLANG_WARN_EMPTY_BODY = YES;
				CLANG_WARN_ENUM_CONVERSION = YES;
				CLANG_WARN_INFINITE_RECURSION = YES;
				CLANG_WARN_INT_CONVERSION = YES;
				CLANG_WARN_NON_LITERAL_NULL_CONVERSION = YES;
				CLANG_WARN_OBJC_IMPLICIT_RETAIN_SELF = YES;
				CLANG_WARN_OBJC_LITERAL_CONVERSION = YES;
				CLANG_WARN_OBJC_ROOT_CLASS = YES_ERROR;
				CLANG_WARN_RANGE_LOOP_ANALYSIS = YES;
				CLANG_WARN_STRICT_PROTOTYPES = YES;
				CLANG_WARN_SUSPICIOUS_MOVE = YES;
				CLANG_WARN_UNGUARDED_AVAILABILITY = YES_AGGRESSIVE;
				CLANG_WARN_UNREACHABLE_CODE = YES;
				CLANG_WARN__DUPLICATE_METHOD_MATCH = YES;
				CODE_SIGN_IDENTITY = "iPhone Developer";
				COPY_PHASE_STRIP = NO;
				DEBUG_INFORMATION_FORMAT = dwarf;
				ENABLE_STRICT_OBJC_MSGSEND = YES;
				ENABLE_TESTABILITY = YES;
				GCC_C_LANGUAGE_STANDARD = gnu11;
				GCC_DYNAMIC_NO_PIC = NO;
				GCC_NO_COMMON_BLOCKS = YES;
				GCC_OPTIMIZATION_LEVEL = 0;
				GCC_PREPROCESSOR_DEFINITIONS = (
					"DEBUG=1",
					"$(inherited)",
				);
				GCC_WARN_64_TO_32_BIT_CONVERSION = YES;
				GCC_WARN_ABOUT_RETURN_TYPE = YES_ERROR;
				GCC_WARN_UNDECLARED_SELECTOR = YES;
				GCC_WARN_UNINITIALIZED_AUTOS = YES_AGGRESSIVE;
				GCC_WARN_UNUSED_FUNCTION = YES;
				GCC_WARN_UNUSED_VARIABLE = YES;
				IPHONEOS_DEPLOYMENT_TARGET = 12.1;
				MTL_ENABLE_DEBUG_INFO = INCLUDE_SOURCE;
				MTL_FAST_MATH = YES;
				ONLY_ACTIVE_ARCH = YES;
				SDKROOT = iphoneos;
				SWIFT_ACTIVE_COMPILATION_CONDITIONS = DEBUG;
				SWIFT_OPTIMIZATION_LEVEL = "-Onone";
			};
			name = Debug;
		};
		2EC3F3BE221317E60012F7A1 /* Release */ = {
			isa = XCBuildConfiguration;
			buildSettings = {
				ALWAYS_SEARCH_USER_PATHS = NO;
				CLANG_ANALYZER_NONNULL = YES;
				CLANG_ANALYZER_NUMBER_OBJECT_CONVERSION = YES_AGGRESSIVE;
				CLANG_CXX_LANGUAGE_STANDARD = "gnu++14";
				CLANG_CXX_LIBRARY = "libc++";
				CLANG_ENABLE_MODULES = YES;
				CLANG_ENABLE_OBJC_ARC = YES;
				CLANG_ENABLE_OBJC_WEAK = YES;
				CLANG_WARN_BLOCK_CAPTURE_AUTORELEASING = YES;
				CLANG_WARN_BOOL_CONVERSION = YES;
				CLANG_WARN_COMMA = YES;
				CLANG_WARN_CONSTANT_CONVERSION = YES;
				CLANG_WARN_DEPRECATED_OBJC_IMPLEMENTATIONS = YES;
				CLANG_WARN_DIRECT_OBJC_ISA_USAGE = YES_ERROR;
				CLANG_WARN_DOCUMENTATION_COMMENTS = YES;
				CLANG_WARN_EMPTY_BODY = YES;
				CLANG_WARN_ENUM_CONVERSION = YES;
				CLANG_WARN_INFINITE_RECURSION = YES;
				CLANG_WARN_INT_CONVERSION = YES;
				CLANG_WARN_NON_LITERAL_NULL_CONVERSION = YES;
				CLANG_WARN_OBJC_IMPLICIT_RETAIN_SELF = YES;
				CLANG_WARN_OBJC_LITERAL_CONVERSION = YES;
				CLANG_WARN_OBJC_ROOT_CLASS = YES_ERROR;
				CLANG_WARN_RANGE_LOOP_ANALYSIS = YES;
				CLANG_WARN_STRICT_PROTOTYPES = YES;
				CLANG_WARN_SUSPICIOUS_MOVE = YES;
				CLANG_WARN_UNGUARDED_AVAILABILITY = YES_AGGRESSIVE;
				CLANG_WARN_UNREACHABLE_CODE = YES;
				CLANG_WARN__DUPLICATE_METHOD_MATCH = YES;
				CODE_SIGN_IDENTITY = "iPhone Developer";
				COPY_PHASE_STRIP = NO;
				DEBUG_INFORMATION_FORMAT = "dwarf-with-dsym";
				ENABLE_NS_ASSERTIONS = NO;
				ENABLE_STRICT_OBJC_MSGSEND = YES;
				GCC_C_LANGUAGE_STANDARD = gnu11;
				GCC_NO_COMMON_BLOCKS = YES;
				GCC_WARN_64_TO_32_BIT_CONVERSION = YES;
				GCC_WARN_ABOUT_RETURN_TYPE = YES_ERROR;
				GCC_WARN_UNDECLARED_SELECTOR = YES;
				GCC_WARN_UNINITIALIZED_AUTOS = YES_AGGRESSIVE;
				GCC_WARN_UNUSED_FUNCTION = YES;
				GCC_WARN_UNUSED_VARIABLE = YES;
				IPHONEOS_DEPLOYMENT_TARGET = 12.1;
				MTL_ENABLE_DEBUG_INFO = NO;
				MTL_FAST_MATH = YES;
				SDKROOT = iphoneos;
				SWIFT_COMPILATION_MODE = wholemodule;
				SWIFT_OPTIMIZATION_LEVEL = "-O";
				VALIDATE_PRODUCT = YES;
			};
			name = Release;
		};
		2EC3F3C0221317E60012F7A1 /* Debug */ = {
			isa = XCBuildConfiguration;
			buildSettings = {
				ASSETCATALOG_COMPILER_APPICON_NAME = AppIcon;
				CODE_SIGN_STYLE = Automatic;
				DEVELOPMENT_TEAM = 4FNJNUQ3AD;
				INFOPLIST_FILE = ProgrammaticAutoLayout/Info.plist;
				LD_RUNPATH_SEARCH_PATHS = (
					"$(inherited)",
					"@executable_path/Frameworks",
				);
				PRODUCT_BUNDLE_IDENTIFIER = com.znpcp5.ProgrammaticAutoLayout;
				PRODUCT_NAME = "$(TARGET_NAME)";
				SWIFT_VERSION = 4.2;
				TARGETED_DEVICE_FAMILY = "1,2";
			};
			name = Debug;
		};
		2EC3F3C1221317E60012F7A1 /* Release */ = {
			isa = XCBuildConfiguration;
			buildSettings = {
				ASSETCATALOG_COMPILER_APPICON_NAME = AppIcon;
				CODE_SIGN_STYLE = Automatic;
				DEVELOPMENT_TEAM = 4FNJNUQ3AD;
				INFOPLIST_FILE = ProgrammaticAutoLayout/Info.plist;
				LD_RUNPATH_SEARCH_PATHS = (
					"$(inherited)",
					"@executable_path/Frameworks",
				);
				PRODUCT_BUNDLE_IDENTIFIER = com.znpcp5.ProgrammaticAutoLayout;
				PRODUCT_NAME = "$(TARGET_NAME)";
				SWIFT_VERSION = 4.2;
				TARGETED_DEVICE_FAMILY = "1,2";
			};
			name = Release;
		};
		2EC3F3C3221317E60012F7A1 /* Debug */ = {
			isa = XCBuildConfiguration;
			buildSettings = {
				ALWAYS_EMBED_SWIFT_STANDARD_LIBRARIES = YES;
				BUNDLE_LOADER = "$(TEST_HOST)";
				CODE_SIGN_STYLE = Automatic;
				DEVELOPMENT_TEAM = 4FNJNUQ3AD;
				INFOPLIST_FILE = ProgrammaticAutoLayoutTests/Info.plist;
				LD_RUNPATH_SEARCH_PATHS = (
					"$(inherited)",
					"@executable_path/Frameworks",
					"@loader_path/Frameworks",
				);
				PRODUCT_BUNDLE_IDENTIFIER = com.znpcp5.ProgrammaticAutoLayoutTests;
				PRODUCT_NAME = "$(TARGET_NAME)";
				SWIFT_VERSION = 4.2;
				TARGETED_DEVICE_FAMILY = "1,2";
				TEST_HOST = "$(BUILT_PRODUCTS_DIR)/ProgrammaticAutoLayout.app/ProgrammaticAutoLayout";
			};
			name = Debug;
		};
		2EC3F3C4221317E60012F7A1 /* Release */ = {
			isa = XCBuildConfiguration;
			buildSettings = {
				ALWAYS_EMBED_SWIFT_STANDARD_LIBRARIES = YES;
				BUNDLE_LOADER = "$(TEST_HOST)";
				CODE_SIGN_STYLE = Automatic;
				DEVELOPMENT_TEAM = 4FNJNUQ3AD;
				INFOPLIST_FILE = ProgrammaticAutoLayoutTests/Info.plist;
				LD_RUNPATH_SEARCH_PATHS = (
					"$(inherited)",
					"@executable_path/Frameworks",
					"@loader_path/Frameworks",
				);
				PRODUCT_BUNDLE_IDENTIFIER = com.znpcp5.ProgrammaticAutoLayoutTests;
				PRODUCT_NAME = "$(TARGET_NAME)";
				SWIFT_VERSION = 4.2;
				TARGETED_DEVICE_FAMILY = "1,2";
				TEST_HOST = "$(BUILT_PRODUCTS_DIR)/ProgrammaticAutoLayout.app/ProgrammaticAutoLayout";
			};
			name = Release;
		};
		2EC3F3C6221317E60012F7A1 /* Debug */ = {
			isa = XCBuildConfiguration;
			buildSettings = {
				ALWAYS_EMBED_SWIFT_STANDARD_LIBRARIES = YES;
				CODE_SIGN_STYLE = Automatic;
				DEVELOPMENT_TEAM = 4FNJNUQ3AD;
				INFOPLIST_FILE = ProgrammaticAutoLayoutUITests/Info.plist;
				LD_RUNPATH_SEARCH_PATHS = (
					"$(inherited)",
					"@executable_path/Frameworks",
					"@loader_path/Frameworks",
				);
				PRODUCT_BUNDLE_IDENTIFIER = com.znpcp5.ProgrammaticAutoLayoutUITests;
				PRODUCT_NAME = "$(TARGET_NAME)";
				SWIFT_VERSION = 4.2;
				TARGETED_DEVICE_FAMILY = "1,2";
				TEST_TARGET_NAME = ProgrammaticAutoLayout;
			};
			name = Debug;
		};
		2EC3F3C7221317E60012F7A1 /* Release */ = {
			isa = XCBuildConfiguration;
			buildSettings = {
				ALWAYS_EMBED_SWIFT_STANDARD_LIBRARIES = YES;
				CODE_SIGN_STYLE = Automatic;
				DEVELOPMENT_TEAM = 4FNJNUQ3AD;
				INFOPLIST_FILE = ProgrammaticAutoLayoutUITests/Info.plist;
				LD_RUNPATH_SEARCH_PATHS = (
					"$(inherited)",
					"@executable_path/Frameworks",
					"@loader_path/Frameworks",
				);
				PRODUCT_BUNDLE_IDENTIFIER = com.znpcp5.ProgrammaticAutoLayoutUITests;
				PRODUCT_NAME = "$(TARGET_NAME)";
				SWIFT_VERSION = 4.2;
				TARGETED_DEVICE_FAMILY = "1,2";
				TEST_TARGET_NAME = ProgrammaticAutoLayout;
			};
			name = Release;
		};
/* End XCBuildConfiguration section */

/* Begin XCConfigurationList section */
		2EC3F392221317E50012F7A1 /* Build configuration list for PBXProject "ProgrammaticAutoLayout" */ = {
			isa = XCConfigurationList;
			buildConfigurations = (
				2EC3F3BD221317E60012F7A1 /* Debug */,
				2EC3F3BE221317E60012F7A1 /* Release */,
			);
			defaultConfigurationIsVisible = 0;
			defaultConfigurationName = Release;
		};
		2EC3F3BF221317E60012F7A1 /* Build configuration list for PBXNativeTarget "ProgrammaticAutoLayout" */ = {
			isa = XCConfigurationList;
			buildConfigurations = (
				2EC3F3C0221317E60012F7A1 /* Debug */,
				2EC3F3C1221317E60012F7A1 /* Release */,
			);
			defaultConfigurationIsVisible = 0;
			defaultConfigurationName = Release;
		};
		2EC3F3C2221317E60012F7A1 /* Build configuration list for PBXNativeTarget "ProgrammaticAutoLayoutTests" */ = {
			isa = XCConfigurationList;
			buildConfigurations = (
				2EC3F3C3221317E60012F7A1 /* Debug */,
				2EC3F3C4221317E60012F7A1 /* Release */,
			);
			defaultConfigurationIsVisible = 0;
			defaultConfigurationName = Release;
		};
		2EC3F3C5221317E60012F7A1 /* Build configuration list for PBXNativeTarget "ProgrammaticAutoLayoutUITests" */ = {
			isa = XCConfigurationList;
			buildConfigurations = (
				2EC3F3C6221317E60012F7A1 /* Debug */,
				2EC3F3C7221317E60012F7A1 /* Release */,
			);
			defaultConfigurationIsVisible = 0;
			defaultConfigurationName = Release;
		};
/* End XCConfigurationList section */
	};
	rootObject = 2EC3F38F221317E50012F7A1 /* Project object */;
}
